
Microsoft Visual Studio Solution File, Format Version 12.00
# Visual Studio Version 16
VisualStudioVersion = 16.0.30204.135
MinimumVisualStudioVersion = 10.0.40219.1
Project("{FAE04EC0-301F-11D3-BF4B-00C04F79EFBC}") = "Distribuidora", "Distribuidora.csproj", "{BA1F62BB-BBB9-4561-B568-8CF231792B76}"
EndProject
Global
	GlobalSection(SolutionConfigurationPlatforms) = preSolution
		Debug|Any CPU = Debug|Any CPU
		Release|Any CPU = Release|Any CPU
	EndGlobalSection
	GlobalSection(ProjectConfigurationPlatforms) = postSolution
		{BA1F62BB-BBB9-4561-B568-8CF231792B76}.Debug|Any CPU.ActiveCfg = Debug|Any CPU
		{BA1F62BB-BBB9-4561-B568-8CF231792B76}.Debug|Any CPU.Build.0 = Debug|Any CPU
		{BA1F62BB-BBB9-4561-B568-8CF231792B76}.Release|Any CPU.ActiveCfg = Release|Any CPU
		{BA1F62BB-BBB9-4561-B568-8CF231792B76}.Release|Any CPU.Build.0 = Release|Any CPU
	EndGlobalSection
	GlobalSection(SolutionProperties) = preSolution
		HideSolutionNode = FALSE
	EndGlobalSection
	GlobalSection(ExtensibilityGlobals) = postSolution
		SolutionGuid = {E7656759-C970-4250-A0C0-730B128228F1}
	EndGlobalSection
EndGlobal
